
Microsoft Visual Studio Solution File, Format Version 12.00
# Visual Studio 14
VisualStudioVersion = 14.0.24720.0
MinimumVisualStudioVersion = 10.0.40219.1
Project("{FAE04EC0-301F-11D3-BF4B-00C04F79EFBC}") = "InfiPos.Core", "InfiPos.Core\InfiPos.Core.csproj", "{5F092273-E624-4512-A1EC-17241B815027}"
EndProject
Project("{FAE04EC0-301F-11D3-BF4B-00C04F79EFBC}") = "InfiPos.UI.ConsoleScratch", "InfiPos.UI.ConsoleScratch\InfiPos.UI.ConsoleScratch.csproj", "{26516647-3178-4C8A-99DE-DB9DEE39DEB4}"
EndProject
Project("{FAE04EC0-301F-11D3-BF4B-00C04F79EFBC}") = "InfiPos.Tests.Cores", "InfiPos.Tests.Cores\InfiPos.Tests.Cores.csproj", "{3D39CBE0-ECA7-4E54-8910-F34E8F25D5E6}"
EndProject
Project("{FAE04EC0-301F-11D3-BF4B-00C04F79EFBC}") = "InfiPos.Infras.Data.InMemory", "InfiPos.Infras.Data.InMemory\InfiPos.Infras.Data.InMemory.csproj", "{4D702E66-6A66-480C-B734-FD98C5CF5AF4}"
EndProject
Project("{FAE04EC0-301F-11D3-BF4B-00C04F79EFBC}") = "InfiPos.Infras.Data.EFRepos", "InfiPos.Infras.Data.EFRepos\InfiPos.Infras.Data.EFRepos.csproj", "{72269B63-ED28-4ECA-BA50-A849AFEFAA5A}"
EndProject
Project("{FAE04EC0-301F-11D3-BF4B-00C04F79EFBC}") = "InfiPos.UI.Web.WebApiPos", "InfiPos.UI.Web.WebApiPos\InfiPos.UI.Web.WebApiPos.csproj", "{FE71AB0B-6E2E-401B-984C-E4099B10D3EC}"
EndProject
Project("{FAE04EC0-301F-11D3-BF4B-00C04F79EFBC}") = "InfiPos.Commons", "InfiPos.Commons\InfiPos.Commons.csproj", "{990EFE4D-57A3-4478-93BC-551F72334A55}"
EndProject
Project("{2150E333-8FDC-42A3-9474-1A3956D46DE8}") = "UI", "UI", "{DEF1985D-E131-44E5-A5B5-E2175B09C928}"
EndProject
Project("{2150E333-8FDC-42A3-9474-1A3956D46DE8}") = "Infra", "Infra", "{908FC1F2-0DBE-4189-B187-6488FA7F8DAF}"
EndProject
Project("{2150E333-8FDC-42A3-9474-1A3956D46DE8}") = "Test", "Test", "{0FE5F7E1-AB0A-4F55-AC9D-104D4248511A}"
EndProject
Project("{2150E333-8FDC-42A3-9474-1A3956D46DE8}") = "Commons", "Commons", "{4098C8D7-D7FF-4B4D-B81E-6625FD9DA279}"
EndProject
Project("{2150E333-8FDC-42A3-9474-1A3956D46DE8}") = "Cores", "Cores", "{1652C337-A8B5-44A2-8257-A078C71F388D}"
EndProject
Project("{E24C65DC-7377-472B-9ABA-BC803B73C61A}") = "InfiPos.UI.Site.Pos", "InfiPos.UI.Site.Pos\", "{A115DE63-7934-4930-94CF-264CCEE69998}"
	ProjectSection(WebsiteProperties) = preProject
		TargetFrameworkMoniker = ".NETFramework,Version%3Dv4.5.2"
		Debug.AspNetCompiler.VirtualPath = "/localhost_3514"
		Debug.AspNetCompiler.PhysicalPath = "InfiPos.UI.Site.Pos\"
		Debug.AspNetCompiler.TargetPath = "PrecompiledWeb\localhost_3514\"
		Debug.AspNetCompiler.Updateable = "true"
		Debug.AspNetCompiler.ForceOverwrite = "true"
		Debug.AspNetCompiler.FixedNames = "false"
		Debug.AspNetCompiler.Debug = "True"
		Release.AspNetCompiler.VirtualPath = "/localhost_3514"
		Release.AspNetCompiler.PhysicalPath = "InfiPos.UI.Site.Pos\"
		Release.AspNetCompiler.TargetPath = "PrecompiledWeb\localhost_3514\"
		Release.AspNetCompiler.Updateable = "true"
		Release.AspNetCompiler.ForceOverwrite = "true"
		Release.AspNetCompiler.FixedNames = "false"
		Release.AspNetCompiler.Debug = "False"
		VWDPort = "3514"
		DefaultWebSiteLanguage = "Visual C#"
	EndProjectSection
EndProject
Global
	GlobalSection(SolutionConfigurationPlatforms) = preSolution
		Debug|Any CPU = Debug|Any CPU
		Release|Any CPU = Release|Any CPU
	EndGlobalSection
	GlobalSection(ProjectConfigurationPlatforms) = postSolution
		{5F092273-E624-4512-A1EC-17241B815027}.Debug|Any CPU.ActiveCfg = Debug|Any CPU
		{5F092273-E624-4512-A1EC-17241B815027}.Debug|Any CPU.Build.0 = Debug|Any CPU
		{5F092273-E624-4512-A1EC-17241B815027}.Release|Any CPU.ActiveCfg = Release|Any CPU
		{5F092273-E624-4512-A1EC-17241B815027}.Release|Any CPU.Build.0 = Release|Any CPU
		{26516647-3178-4C8A-99DE-DB9DEE39DEB4}.Debug|Any CPU.ActiveCfg = Debug|Any CPU
		{26516647-3178-4C8A-99DE-DB9DEE39DEB4}.Debug|Any CPU.Build.0 = Debug|Any CPU
		{26516647-3178-4C8A-99DE-DB9DEE39DEB4}.Release|Any CPU.ActiveCfg = Release|Any CPU
		{26516647-3178-4C8A-99DE-DB9DEE39DEB4}.Release|Any CPU.Build.0 = Release|Any CPU
		{3D39CBE0-ECA7-4E54-8910-F34E8F25D5E6}.Debug|Any CPU.ActiveCfg = Debug|Any CPU
		{3D39CBE0-ECA7-4E54-8910-F34E8F25D5E6}.Debug|Any CPU.Build.0 = Debug|Any CPU
		{3D39CBE0-ECA7-4E54-8910-F34E8F25D5E6}.Release|Any CPU.ActiveCfg = Release|Any CPU
		{3D39CBE0-ECA7-4E54-8910-F34E8F25D5E6}.Release|Any CPU.Build.0 = Release|Any CPU
		{4D702E66-6A66-480C-B734-FD98C5CF5AF4}.Debug|Any CPU.ActiveCfg = Debug|Any CPU
		{4D702E66-6A66-480C-B734-FD98C5CF5AF4}.Debug|Any CPU.Build.0 = Debug|Any CPU
		{4D702E66-6A66-480C-B734-FD98C5CF5AF4}.Release|Any CPU.ActiveCfg = Release|Any CPU
		{4D702E66-6A66-480C-B734-FD98C5CF5AF4}.Release|Any CPU.Build.0 = Release|Any CPU
		{72269B63-ED28-4ECA-BA50-A849AFEFAA5A}.Debug|Any CPU.ActiveCfg = Debug|Any CPU
		{72269B63-ED28-4ECA-BA50-A849AFEFAA5A}.Debug|Any CPU.Build.0 = Debug|Any CPU
		{72269B63-ED28-4ECA-BA50-A849AFEFAA5A}.Release|Any CPU.ActiveCfg = Release|Any CPU
		{72269B63-ED28-4ECA-BA50-A849AFEFAA5A}.Release|Any CPU.Build.0 = Release|Any CPU
		{FE71AB0B-6E2E-401B-984C-E4099B10D3EC}.Debug|Any CPU.ActiveCfg = Debug|Any CPU
		{FE71AB0B-6E2E-401B-984C-E4099B10D3EC}.Debug|Any CPU.Build.0 = Debug|Any CPU
		{FE71AB0B-6E2E-401B-984C-E4099B10D3EC}.Release|Any CPU.ActiveCfg = Release|Any CPU
		{FE71AB0B-6E2E-401B-984C-E4099B10D3EC}.Release|Any CPU.Build.0 = Release|Any CPU
		{990EFE4D-57A3-4478-93BC-551F72334A55}.Debug|Any CPU.ActiveCfg = Debug|Any CPU
		{990EFE4D-57A3-4478-93BC-551F72334A55}.Debug|Any CPU.Build.0 = Debug|Any CPU
		{990EFE4D-57A3-4478-93BC-551F72334A55}.Release|Any CPU.ActiveCfg = Release|Any CPU
		{990EFE4D-57A3-4478-93BC-551F72334A55}.Release|Any CPU.Build.0 = Release|Any CPU
		{A115DE63-7934-4930-94CF-264CCEE69998}.Debug|Any CPU.ActiveCfg = Debug|Any CPU
		{A115DE63-7934-4930-94CF-264CCEE69998}.Debug|Any CPU.Build.0 = Debug|Any CPU
		{A115DE63-7934-4930-94CF-264CCEE69998}.Release|Any CPU.ActiveCfg = Debug|Any CPU
		{A115DE63-7934-4930-94CF-264CCEE69998}.Release|Any CPU.Build.0 = Debug|Any CPU
	EndGlobalSection
	GlobalSection(SolutionProperties) = preSolution
		HideSolutionNode = FALSE
	EndGlobalSection
	GlobalSection(NestedProjects) = preSolution
		{5F092273-E624-4512-A1EC-17241B815027} = {1652C337-A8B5-44A2-8257-A078C71F388D}
		{26516647-3178-4C8A-99DE-DB9DEE39DEB4} = {DEF1985D-E131-44E5-A5B5-E2175B09C928}
		{3D39CBE0-ECA7-4E54-8910-F34E8F25D5E6} = {0FE5F7E1-AB0A-4F55-AC9D-104D4248511A}
		{4D702E66-6A66-480C-B734-FD98C5CF5AF4} = {908FC1F2-0DBE-4189-B187-6488FA7F8DAF}
		{72269B63-ED28-4ECA-BA50-A849AFEFAA5A} = {908FC1F2-0DBE-4189-B187-6488FA7F8DAF}
		{FE71AB0B-6E2E-401B-984C-E4099B10D3EC} = {DEF1985D-E131-44E5-A5B5-E2175B09C928}
		{990EFE4D-57A3-4478-93BC-551F72334A55} = {4098C8D7-D7FF-4B4D-B81E-6625FD9DA279}
		{A115DE63-7934-4930-94CF-264CCEE69998} = {DEF1985D-E131-44E5-A5B5-E2175B09C928}
	EndGlobalSection
EndGlobal
